// !$*UTF8*$!
{
	archiveVersion = 1;
	classes = {
	};
	objectVersion = 55;
	objects = {

/* Begin PBXBuildFile section */
		4B8FDB1C27E80A050018374A /* libGLEW.2.2.0.dylib in Frameworks */ = {isa = PBXBuildFile; fileRef = 4B8FDB1A27E808930018374A /* libGLEW.2.2.0.dylib */; };
		4B8FDB1E27E80A7F0018374A /* libglfw.3.3.dylib in Frameworks */ = {isa = PBXBuildFile; fileRef = 4B8FDB1827E8080B0018374A /* libglfw.3.3.dylib */; };
		4B8FDB4527E813FE0018374A /* Shader.cpp in Sources */ = {isa = PBXBuildFile; fileRef = 4B8FDB4427E813FE0018374A /* Shader.cpp */; };
		4B8FDB4827E8145F0018374A /* glad.c in Sources */ = {isa = PBXBuildFile; fileRef = 4B8FDB3827E810B30018374A /* glad.c */; };
		4B9EBAD827E8044E008ADE8C /* main.cpp in Sources */ = {isa = PBXBuildFile; fileRef = 4B9EBAD727E8044E008ADE8C /* main.cpp */; };
		4B9EBAE027E804CE008ADE8C /* OpenGL.framework in Frameworks */ = {isa = PBXBuildFile; fileRef = 4B9EBADF27E804CE008ADE8C /* OpenGL.framework */; };
/* End PBXBuildFile section */

/* Begin PBXCopyFilesBuildPhase section */
		4B9EBAD227E8044E008ADE8C /* CopyFiles */ = {
			isa = PBXCopyFilesBuildPhase;
			buildActionMask = 2147483647;
			dstPath = /usr/share/man/man1/;
			dstSubfolderSpec = 0;
			files = (
			);
			runOnlyForDeploymentPostprocessing = 1;
		};
/* End PBXCopyFilesBuildPhase section */

/* Begin PBXFileReference section */
		4B8FDB1827E8080B0018374A /* libglfw.3.3.dylib */ = {isa = PBXFileReference; lastKnownFileType = "compiled.mach-o.dylib"; name = libglfw.3.3.dylib; path = ../../../../usr/local/Cellar/glfw/3.3.4/lib/libglfw.3.3.dylib; sourceTree = "<group>"; };
		4B8FDB1A27E808930018374A /* libGLEW.2.2.0.dylib */ = {isa = PBXFileReference; lastKnownFileType = "compiled.mach-o.dylib"; name = libGLEW.2.2.0.dylib; path = ../../../../usr/local/Cellar/glew/2.2.0_1/lib/libGLEW.2.2.0.dylib; sourceTree = "<group>"; };
		4B8FDB1D27E80A500018374A /* Exercicio1.entitlements */ = {isa = PBXFileReference; lastKnownFileType = text.plist.entitlements; path = Exercicio1.entitlements; sourceTree = "<group>"; };
		4B8FDB3827E810B30018374A /* glad.c */ = {isa = PBXFileReference; fileEncoding = 4; lastKnownFileType = sourcecode.c.c; path = glad.c; sourceTree = "<group>"; };
		4B8FDB4427E813FE0018374A /* Shader.cpp */ = {isa = PBXFileReference; fileEncoding = 4; lastKnownFileType = sourcecode.cpp.cpp; path = Shader.cpp; sourceTree = "<group>"; };
		4B8FDB4627E814250018374A /* hello.vs */ = {isa = PBXFileReference; fileEncoding = 4; lastKnownFileType = sourcecode.glsl; path = hello.vs; sourceTree = "<group>"; };
		4B8FDB4727E814250018374A /* hello.fs */ = {isa = PBXFileReference; fileEncoding = 4; lastKnownFileType = sourcecode.glsl; path = hello.fs; sourceTree = "<group>"; };
		4B8FDB4A27E814D50018374A /* Shader.h */ = {isa = PBXFileReference; lastKnownFileType = sourcecode.c.h; path = Shader.h; sourceTree = "<group>"; };
		4B9EBAD427E8044E008ADE8C /* Exercicio1 */ = {isa = PBXFileReference; explicitFileType = "compiled.mach-o.executable"; includeInIndex = 0; path = Exercicio1; sourceTree = BUILT_PRODUCTS_DIR; };
		4B9EBAD727E8044E008ADE8C /* main.cpp */ = {isa = PBXFileReference; lastKnownFileType = sourcecode.cpp.cpp; path = main.cpp; sourceTree = "<group>"; };
		4B9EBADF27E804CE008ADE8C /* OpenGL.framework */ = {isa = PBXFileReference; lastKnownFileType = wrapper.framework; name = OpenGL.framework; path = System/Library/Frameworks/OpenGL.framework; sourceTree = SDKROOT; };
		4BE97F0827EB72D000D9E005 /* camera.h */ = {isa = PBXFileReference; lastKnownFileType = sourcecode.c.h; path = camera.h; sourceTree = "<group>"; };
/* End PBXFileReference section */

/* Begin PBXFrameworksBuildPhase section */
		4B9EBAD127E8044E008ADE8C /* Frameworks */ = {
			isa = PBXFrameworksBuildPhase;
			buildActionMask = 2147483647;
			files = (
				4B8FDB1E27E80A7F0018374A /* libglfw.3.3.dylib in Frameworks */,
				4B8FDB1C27E80A050018374A /* libGLEW.2.2.0.dylib in Frameworks */,
				4B9EBAE027E804CE008ADE8C /* OpenGL.framework in Frameworks */,
			);
			runOnlyForDeploymentPostprocessing = 0;
		};
/* End PBXFrameworksBuildPhase section */

/* Begin PBXGroup section */
		4B8FDB2E27E80F2E0018374A /* shaders */ = {
			isa = PBXGroup;
			children = (
				4B8FDB4727E814250018374A /* hello.fs */,
				4B8FDB4627E814250018374A /* hello.vs */,
			);
			path = shaders;
			sourceTree = "<group>";
		};
		4B9EBACB27E8044E008ADE8C = {
			isa = PBXGroup;
			children = (
				4B9EBAD627E8044E008ADE8C /* Exercicio1 */,
				4B9EBAD527E8044E008ADE8C /* Products */,
				4B9EBADE27E804CE008ADE8C /* Frameworks */,
			);
			sourceTree = "<group>";
		};
		4B9EBAD527E8044E008ADE8C /* Products */ = {
			isa = PBXGroup;
			children = (
				4B9EBAD427E8044E008ADE8C /* Exercicio1 */,
			);
			name = Products;
			sourceTree = "<group>";
		};
		4B9EBAD627E8044E008ADE8C /* Exercicio1 */ = {
			isa = PBXGroup;
			children = (
				4B8FDB1D27E80A500018374A /* Exercicio1.entitlements */,
				4B8FDB3827E810B30018374A /* glad.c */,
				4B8FDB4427E813FE0018374A /* Shader.cpp */,
				4B8FDB4A27E814D50018374A /* Shader.h */,
				4B8FDB2E27E80F2E0018374A /* shaders */,
				4B9EBAD727E8044E008ADE8C /* main.cpp */,
				4BE97F0827EB72D000D9E005 /* camera.h */,
			);
			path = Exercicio1;
			sourceTree = "<group>";
		};
		4B9EBADE27E804CE008ADE8C /* Frameworks */ = {
			isa = PBXGroup;
			children = (
				4B8FDB1A27E808930018374A /* libGLEW.2.2.0.dylib */,
				4B8FDB1827E8080B0018374A /* libglfw.3.3.dylib */,
				4B9EBADF27E804CE008ADE8C /* OpenGL.framework */,
			);
			name = Frameworks;
			sourceTree = "<group>";
		};
/* End PBXGroup section */

/* Begin PBXNativeTarget section */
		4B9EBAD327E8044E008ADE8C /* Exercicio1 */ = {
			isa = PBXNativeTarget;
			buildConfigurationList = 4B9EBADB27E8044E008ADE8C /* Build configuration list for PBXNativeTarget "Exercicio1" */;
			buildPhases = (
				4B9EBAD027E8044E008ADE8C /* Sources */,
				4B9EBAD127E8044E008ADE8C /* Frameworks */,
				4B9EBAD227E8044E008ADE8C /* CopyFiles */,
			);
			buildRules = (
			);
			dependencies = (
			);
			name = Exercicio1;
			productName = Exercicio1;
			productReference = 4B9EBAD427E8044E008ADE8C /* Exercicio1 */;
			productType = "com.apple.product-type.tool";
		};
/* End PBXNativeTarget section */

/* Begin PBXProject section */
		4B9EBACC27E8044E008ADE8C /* Project object */ = {
			isa = PBXProject;
			attributes = {
				BuildIndependentTargetsInParallel = 1;
				LastUpgradeCheck = 1310;
				TargetAttributes = {
					4B9EBAD327E8044E008ADE8C = {
						CreatedOnToolsVersion = 13.1;
					};
				};
			};
			buildConfigurationList = 4B9EBACF27E8044E008ADE8C /* Build configuration list for PBXProject "Exercicio1" */;
			compatibilityVersion = "Xcode 13.0";
			developmentRegion = en;
			hasScannedForEncodings = 0;
			knownRegions = (
				en,
				Base,
			);
			mainGroup = 4B9EBACB27E8044E008ADE8C;
			productRefGroup = 4B9EBAD527E8044E008ADE8C /* Products */;
			projectDirPath = "";
			projectRoot = "";
			targets = (
				4B9EBAD327E8044E008ADE8C /* Exercicio1 */,
			);
		};
/* End PBXProject section */

/* Begin PBXSourcesBuildPhase section */
		4B9EBAD027E8044E008ADE8C /* Sources */ = {
			isa = PBXSourcesBuildPhase;
			buildActionMask = 2147483647;
			files = (
				4B9EBAD827E8044E008ADE8C /* main.cpp in Sources */,
				4B8FDB4527E813FE0018374A /* Shader.cpp in Sources */,
				4B8FDB4827E8145F0018374A /* glad.c in Sources */,
			);
			runOnlyForDeploymentPostprocessing = 0;
		};
/* End PBXSourcesBuildPhase section */

/* Begin XCBuildConfiguration section */
		4B9EBAD927E8044E008ADE8C /* Debug */ = {
			isa = XCBuildConfiguration;
			buildSettings = {
				ALWAYS_SEARCH_USER_PATHS = NO;
				CLANG_ANALYZER_NONNULL = YES;
				CLANG_ANALYZER_NUMBER_OBJECT_CONVERSION = YES_AGGRESSIVE;
				CLANG_CXX_LANGUAGE_STANDARD = "gnu++17";
				CLANG_CXX_LIBRARY = "libc++";
				CLANG_ENABLE_MODULES = YES;
				CLANG_ENABLE_OBJC_ARC = YES;
				CLANG_ENABLE_OBJC_WEAK = YES;
				CLANG_WARN_BLOCK_CAPTURE_AUTORELEASING = YES;
				CLANG_WARN_BOOL_CONVERSION = YES;
				CLANG_WARN_COMMA = YES;
				CLANG_WARN_CONSTANT_CONVERSION = YES;
				CLANG_WARN_DEPRECATED_OBJC_IMPLEMENTATIONS = YES;
				CLANG_WARN_DIRECT_OBJC_ISA_USAGE = YES_ERROR;
				CLANG_WARN_DOCUMENTATION_COMMENTS = YES;
				CLANG_WARN_EMPTY_BODY = YES;
				CLANG_WARN_ENUM_CONVERSION = YES;
				CLANG_WARN_INFINITE_RECURSION = YES;
				CLANG_WARN_INT_CONVERSION = YES;
				CLANG_WARN_NON_LITERAL_NULL_CONVERSION = YES;
				CLANG_WARN_OBJC_IMPLICIT_RETAIN_SELF = YES;
				CLANG_WARN_OBJC_LITERAL_CONVERSION = YES;
				CLANG_WARN_OBJC_ROOT_CLASS = YES_ERROR;
				CLANG_WARN_QUOTED_INCLUDE_IN_FRAMEWORK_HEADER = YES;
				CLANG_WARN_RANGE_LOOP_ANALYSIS = YES;
				CLANG_WARN_STRICT_PROTOTYPES = YES;
				CLANG_WARN_SUSPICIOUS_MOVE = YES;
				CLANG_WARN_UNGUARDED_AVAILABILITY = YES_AGGRESSIVE;
				CLANG_WARN_UNREACHABLE_CODE = YES;
				CLANG_WARN__DUPLICATE_METHOD_MATCH = YES;
				COPY_PHASE_STRIP = NO;
				DEBUG_INFORMATION_FORMAT = dwarf;
				ENABLE_STRICT_OBJC_MSGSEND = YES;
				ENABLE_TESTABILITY = YES;
				GCC_C_LANGUAGE_STANDARD = gnu11;
				GCC_DYNAMIC_NO_PIC = NO;
				GCC_NO_COMMON_BLOCKS = YES;
				GCC_OPTIMIZATION_LEVEL = 0;
				GCC_PREPROCESSOR_DEFINITIONS = (
					"DEBUG=1",
					"$(inherited)",
				);
				GCC_WARN_64_TO_32_BIT_CONVERSION = YES;
				GCC_WARN_ABOUT_RETURN_TYPE = YES_ERROR;
				GCC_WARN_UNDECLARED_SELECTOR = YES;
				GCC_WARN_UNINITIALIZED_AUTOS = YES_AGGRESSIVE;
				GCC_WARN_UNUSED_FUNCTION = YES;
				GCC_WARN_UNUSED_VARIABLE = YES;
				MACOSX_DEPLOYMENT_TARGET = 12.0;
				MTL_ENABLE_DEBUG_INFO = INCLUDE_SOURCE;
				MTL_FAST_MATH = YES;
				ONLY_ACTIVE_ARCH = YES;
				SDKROOT = macosx;
			};
			name = Debug;
		};
		4B9EBADA27E8044E008ADE8C /* Release */ = {
			isa = XCBuildConfiguration;
			buildSettings = {
				ALWAYS_SEARCH_USER_PATHS = NO;
				CLANG_ANALYZER_NONNULL = YES;
				CLANG_ANALYZER_NUMBER_OBJECT_CONVERSION = YES_AGGRESSIVE;
				CLANG_CXX_LANGUAGE_STANDARD = "gnu++17";
				CLANG_CXX_LIBRARY = "libc++";
				CLANG_ENABLE_MODULES = YES;
				CLANG_ENABLE_OBJC_ARC = YES;
				CLANG_ENABLE_OBJC_WEAK = YES;
				CLANG_WARN_BLOCK_CAPTURE_AUTORELEASING = YES;
				CLANG_WARN_BOOL_CONVERSION = YES;
				CLANG_WARN_COMMA = YES;
				CLANG_WARN_CONSTANT_CONVERSION = YES;
				CLANG_WARN_DEPRECATED_OBJC_IMPLEMENTATIONS = YES;
				CLANG_WARN_DIRECT_OBJC_ISA_USAGE = YES_ERROR;
				CLANG_WARN_DOCUMENTATION_COMMENTS = YES;
				CLANG_WARN_EMPTY_BODY = YES;
				CLANG_WARN_ENUM_CONVERSION = YES;
				CLANG_WARN_INFINITE_RECURSION = YES;
				CLANG_WARN_INT_CONVERSION = YES;
				CLANG_WARN_NON_LITERAL_NULL_CONVERSION = YES;
				CLANG_WARN_OBJC_IMPLICIT_RETAIN_SELF = YES;
				CLANG_WARN_OBJC_LITERAL_CONVERSION = YES;
				CLANG_WARN_OBJC_ROOT_CLASS = YES_ERROR;
				CLANG_WARN_QUOTED_INCLUDE_IN_FRAMEWORK_HEADER = YES;
				CLANG_WARN_RANGE_LOOP_ANALYSIS = YES;
				CLANG_WARN_STRICT_PROTOTYPES = YES;
				CLANG_WARN_SUSPICIOUS_MOVE = YES;
				CLANG_WARN_UNGUARDED_AVAILABILITY = YES_AGGRESSIVE;
				CLANG_WARN_UNREACHABLE_CODE = YES;
				CLANG_WARN__DUPLICATE_METHOD_MATCH = YES;
				COPY_PHASE_STRIP = NO;
				DEBUG_INFORMATION_FORMAT = "dwarf-with-dsym";
				ENABLE_NS_ASSERTIONS = NO;
				ENABLE_STRICT_OBJC_MSGSEND = YES;
				GCC_C_LANGUAGE_STANDARD = gnu11;
				GCC_NO_COMMON_BLOCKS = YES;
				GCC_WARN_64_TO_32_BIT_CONVERSION = YES;
				GCC_WARN_ABOUT_RETURN_TYPE = YES_ERROR;
				GCC_WARN_UNDECLARED_SELECTOR = YES;
				GCC_WARN_UNINITIALIZED_AUTOS = YES_AGGRESSIVE;
				GCC_WARN_UNUSED_FUNCTION = YES;
				GCC_WARN_UNUSED_VARIABLE = YES;
				MACOSX_DEPLOYMENT_TARGET = 12.0;
				MTL_ENABLE_DEBUG_INFO = NO;
				MTL_FAST_MATH = YES;
				SDKROOT = macosx;
			};
			name = Release;
		};
		4B9EBADC27E8044E008ADE8C /* Debug */ = {
			isa = XCBuildConfiguration;
			buildSettings = {
				CODE_SIGN_ENTITLEMENTS = Exercicio1/Exercicio1.entitlements;
				CODE_SIGN_STYLE = Automatic;
				DEVELOPMENT_TEAM = A6K2NH59J2;
				ENABLE_HARDENED_RUNTIME = YES;
				HEADER_SEARCH_PATHS = (
					/usr/local/include,
					/Users/douglasimmig/Desktop/Exercicio1/glad/include,
				);
				LIBRARY_SEARCH_PATHS = (
					"$(inherited)",
					/usr/local/Cellar/glfw/3.3.4/lib,
					/usr/local/Cellar/glew/2.2.0_1/lib,
				);
				PRODUCT_NAME = "$(TARGET_NAME)";
			};
			name = Debug;
		};
		4B9EBADD27E8044E008ADE8C /* Release */ = {
			isa = XCBuildConfiguration;
			buildSettings = {
				CODE_SIGN_ENTITLEMENTS = Exercicio1/Exercicio1.entitlements;
				CODE_SIGN_STYLE = Automatic;
				DEVELOPMENT_TEAM = A6K2NH59J2;
				ENABLE_HARDENED_RUNTIME = YES;
				HEADER_SEARCH_PATHS = (
					/usr/local/include,
					/Users/douglasimmig/Desktop/Exercicio1/glad/include,
				);
				LIBRARY_SEARCH_PATHS = (
					"$(inherited)",
					/usr/local/Cellar/glfw/3.3.4/lib,
					/usr/local/Cellar/glew/2.2.0_1/lib,
				);
				PRODUCT_NAME = "$(TARGET_NAME)";
			};
			name = Release;
		};
/* End XCBuildConfiguration section */

/* Begin XCConfigurationList section */
		4B9EBACF27E8044E008ADE8C /* Build configuration list for PBXProject "Exercicio1" */ = {
			isa = XCConfigurationList;
			buildConfigurations = (
				4B9EBAD927E8044E008ADE8C /* Debug */,
				4B9EBADA27E8044E008ADE8C /* Release */,
			);
			defaultConfigurationIsVisible = 0;
			defaultConfigurationName = Release;
		};
		4B9EBADB27E8044E008ADE8C /* Build configuration list for PBXNativeTarget "Exercicio1" */ = {
			isa = XCConfigurationList;
			buildConfigurations = (
				4B9EBADC27E8044E008ADE8C /* Debug */,
				4B9EBADD27E8044E008ADE8C /* Release */,
			);
			defaultConfigurationIsVisible = 0;
			defaultConfigurationName = Release;
		};
/* End XCConfigurationList section */
	};
	rootObject = 4B9EBACC27E8044E008ADE8C /* Project object */;
}
